
Microsoft Visual Studio Solution File, Format Version 12.00
# Visual Studio Version 16
VisualStudioVersion = 16.0.29201.188
MinimumVisualStudioVersion = 10.0.40219.1
Project("{FAE04EC0-301F-11D3-BF4B-00C04F79EFBC}") = "Domain", "Domain\Domain.csproj", "{28D9168B-4D62-4F3B-8863-6351D3FFEBE0}"
EndProject
Project("{FAE04EC0-301F-11D3-BF4B-00C04F79EFBC}") = "Application", "Application\Application.csproj", "{051D303A-C49A-4E6F-B2B9-8A94BEED78C9}"
EndProject
Project("{FAE04EC0-301F-11D3-BF4B-00C04F79EFBC}") = "Persistence", "Persistence\Persistence.csproj", "{51D9DEDC-0E02-4C69-AB0A-26A75A597F9B}"
EndProject
Project("{FAE04EC0-301F-11D3-BF4B-00C04F79EFBC}") = "Queries", "Queries\Queries.csproj", "{F664D776-8E61-4507-B533-4972BAC0C188}"
EndProject
Project("{FAE04EC0-301F-11D3-BF4B-00C04F79EFBC}") = "WebApi", "WebApi\WebApi.csproj", "{7FC5BD38-0F87-4C86-A4D8-57EBB12CB591}"
EndProject
Global
	GlobalSection(SolutionConfigurationPlatforms) = preSolution
		Debug|Any CPU = Debug|Any CPU
		Release|Any CPU = Release|Any CPU
	EndGlobalSection
	GlobalSection(ProjectConfigurationPlatforms) = postSolution
		{28D9168B-4D62-4F3B-8863-6351D3FFEBE0}.Debug|Any CPU.ActiveCfg = Debug|Any CPU
		{28D9168B-4D62-4F3B-8863-6351D3FFEBE0}.Debug|Any CPU.Build.0 = Debug|Any CPU
		{28D9168B-4D62-4F3B-8863-6351D3FFEBE0}.Release|Any CPU.ActiveCfg = Release|Any CPU
		{28D9168B-4D62-4F3B-8863-6351D3FFEBE0}.Release|Any CPU.Build.0 = Release|Any CPU
		{051D303A-C49A-4E6F-B2B9-8A94BEED78C9}.Debug|Any CPU.ActiveCfg = Debug|Any CPU
		{051D303A-C49A-4E6F-B2B9-8A94BEED78C9}.Debug|Any CPU.Build.0 = Debug|Any CPU
		{051D303A-C49A-4E6F-B2B9-8A94BEED78C9}.Release|Any CPU.ActiveCfg = Release|Any CPU
		{051D303A-C49A-4E6F-B2B9-8A94BEED78C9}.Release|Any CPU.Build.0 = Release|Any CPU
		{51D9DEDC-0E02-4C69-AB0A-26A75A597F9B}.Debug|Any CPU.ActiveCfg = Debug|Any CPU
		{51D9DEDC-0E02-4C69-AB0A-26A75A597F9B}.Debug|Any CPU.Build.0 = Debug|Any CPU
		{51D9DEDC-0E02-4C69-AB0A-26A75A597F9B}.Release|Any CPU.ActiveCfg = Release|Any CPU
		{51D9DEDC-0E02-4C69-AB0A-26A75A597F9B}.Release|Any CPU.Build.0 = Release|Any CPU
		{F664D776-8E61-4507-B533-4972BAC0C188}.Debug|Any CPU.ActiveCfg = Debug|Any CPU
		{F664D776-8E61-4507-B533-4972BAC0C188}.Debug|Any CPU.Build.0 = Debug|Any CPU
		{F664D776-8E61-4507-B533-4972BAC0C188}.Release|Any CPU.ActiveCfg = Release|Any CPU
		{F664D776-8E61-4507-B533-4972BAC0C188}.Release|Any CPU.Build.0 = Release|Any CPU
		{7FC5BD38-0F87-4C86-A4D8-57EBB12CB591}.Debug|Any CPU.ActiveCfg = Debug|Any CPU
		{7FC5BD38-0F87-4C86-A4D8-57EBB12CB591}.Debug|Any CPU.Build.0 = Debug|Any CPU
		{7FC5BD38-0F87-4C86-A4D8-57EBB12CB591}.Release|Any CPU.ActiveCfg = Release|Any CPU
		{7FC5BD38-0F87-4C86-A4D8-57EBB12CB591}.Release|Any CPU.Build.0 = Release|Any CPU
	EndGlobalSection
	GlobalSection(SolutionProperties) = preSolution
		HideSolutionNode = FALSE
	EndGlobalSection
	GlobalSection(ExtensibilityGlobals) = postSolution
		SolutionGuid = {1F09CD15-E983-4816-B85C-C1510755374B}
	EndGlobalSection
EndGlobal
